
Microsoft Visual Studio Solution File, Format Version 12.00
# Visual Studio Version 17
VisualStudioVersion = 17.1.32228.430
MinimumVisualStudioVersion = 10.0.40219.1
Project("{FAE04EC0-301F-11D3-BF4B-00C04F79EFBC}") = "OfficeBus", "OfficeBus.csproj", "{28E5D6BA-B503-4211-BA1D-FDE51988CA76}"
EndProject
Global
	GlobalSection(SolutionConfigurationPlatforms) = preSolution
		Debug|Any CPU = Debug|Any CPU
		Release|Any CPU = Release|Any CPU
	EndGlobalSection
	GlobalSection(ProjectConfigurationPlatforms) = postSolution
		{28E5D6BA-B503-4211-BA1D-FDE51988CA76}.Debug|Any CPU.ActiveCfg = Debug|Any CPU
		{28E5D6BA-B503-4211-BA1D-FDE51988CA76}.Debug|Any CPU.Build.0 = Debug|Any CPU
		{28E5D6BA-B503-4211-BA1D-FDE51988CA76}.Release|Any CPU.ActiveCfg = Release|Any CPU
		{28E5D6BA-B503-4211-BA1D-FDE51988CA76}.Release|Any CPU.Build.0 = Release|Any CPU
	EndGlobalSection
	GlobalSection(SolutionProperties) = preSolution
		HideSolutionNode = FALSE
	EndGlobalSection
	GlobalSection(ExtensibilityGlobals) = postSolution
		SolutionGuid = {6D45FE09-47DB-4B01-ADD7-47AD5CD22E0D}
	EndGlobalSection
EndGlobal
